{
  "name": "webscraping",
  "lockfileVersion": 2,
  "requires": true,
  "packages": {
    "": {
      "dependencies": {
        "protractor-firefox-support": "^2.0.0"
      }
    },
    "node_modules/protractor-firefox-support": {
      "version": "2.0.0",
      "resolved": "https://registry.npmjs.org/protractor-firefox-support/-/protractor-firefox-support-2.0.0.tgz",
      "integrity": "sha512-iVTMskQwAbvp4bOadpwJb9rmhCo1Zap8hLwo8UVxoQWT441KvhJsXUgxH5a+sj5vowsj6vqDXeXwIisZKqVF1Q=="
    }
  },
  "dependencies": {
    "protractor-firefox-support": {
      "version": "2.0.0",
      "resolved": "https://registry.npmjs.org/protractor-firefox-support/-/protractor-firefox-support-2.0.0.tgz",
      "integrity": "sha512-iVTMskQwAbvp4bOadpwJb9rmhCo1Zap8hLwo8UVxoQWT441KvhJsXUgxH5a+sj5vowsj6vqDXeXwIisZKqVF1Q=="
    }
  }
}
